
Microsoft Visual Studio Solution File, Format Version 12.00
# Visual Studio Version 17
VisualStudioVersion = 17.8.34408.163
MinimumVisualStudioVersion = 10.0.40219.1
Project("{FAE04EC0-301F-11D3-BF4B-00C04F79EFBC}") = "Temel_Arac_Kullanimi_2", "Temel_Arac_Kullanimi_2\Temel_Arac_Kullanimi_2.csproj", "{8CCA6FB4-570B-4D7B-AEC5-BB681EC5960D}"
EndProject
Global
	GlobalSection(SolutionConfigurationPlatforms) = preSolution
		Debug|Any CPU = Debug|Any CPU
		Release|Any CPU = Release|Any CPU
	EndGlobalSection
	GlobalSection(ProjectConfigurationPlatforms) = postSolution
		{8CCA6FB4-570B-4D7B-AEC5-BB681EC5960D}.Debug|Any CPU.ActiveCfg = Debug|Any CPU
		{8CCA6FB4-570B-4D7B-AEC5-BB681EC5960D}.Debug|Any CPU.Build.0 = Debug|Any CPU
		{8CCA6FB4-570B-4D7B-AEC5-BB681EC5960D}.Release|Any CPU.ActiveCfg = Release|Any CPU
		{8CCA6FB4-570B-4D7B-AEC5-BB681EC5960D}.Release|Any CPU.Build.0 = Release|Any CPU
	EndGlobalSection
	GlobalSection(SolutionProperties) = preSolution
		HideSolutionNode = FALSE
	EndGlobalSection
	GlobalSection(ExtensibilityGlobals) = postSolution
		SolutionGuid = {CDD0BE83-FE6C-45C7-8F1A-34791BE2A140}
	EndGlobalSection
EndGlobal
